// !$*UTF8*$!
{
	archiveVersion = 1;
	classes = {
	};
	objectVersion = 56;
	objects = {

/* Begin PBXBuildFile section */
		962E85222A5BF84400544EE0 /* AppDelegate.swift in Sources */ = {isa = PBXBuildFile; fileRef = 962E85212A5BF84400544EE0 /* AppDelegate.swift */; };
		962E85242A5BF84400544EE0 /* SceneDelegate.swift in Sources */ = {isa = PBXBuildFile; fileRef = 962E85232A5BF84400544EE0 /* SceneDelegate.swift */; };
		962E85262A5BF84400544EE0 /* ViewController.swift in Sources */ = {isa = PBXBuildFile; fileRef = 962E85252A5BF84400544EE0 /* ViewController.swift */; };
		962E852B2A5BF84400544EE0 /* Assets.xcassets in Resources */ = {isa = PBXBuildFile; fileRef = 962E852A2A5BF84400544EE0 /* Assets.xcassets */; };
		962E852E2A5BF84400544EE0 /* LaunchScreen.storyboard in Resources */ = {isa = PBXBuildFile; fileRef = 962E852C2A5BF84400544EE0 /* LaunchScreen.storyboard */; };
		962E85362A5BF91500544EE0 /* LoginVC.swift in Sources */ = {isa = PBXBuildFile; fileRef = 962E85352A5BF91500544EE0 /* LoginVC.swift */; };
		962E853A2A5C140300544EE0 /* Main.storyboard in Resources */ = {isa = PBXBuildFile; fileRef = 962E85392A5C140300544EE0 /* Main.storyboard */; };
		962E853C2A5C283A00544EE0 /* HomeVC.swift in Sources */ = {isa = PBXBuildFile; fileRef = 962E853B2A5C283A00544EE0 /* HomeVC.swift */; };
		962E853E2A5C285800544EE0 /* RegisterVC.swift in Sources */ = {isa = PBXBuildFile; fileRef = 962E853D2A5C285800544EE0 /* RegisterVC.swift */; };
		963DDF112A6D5C7000D1C697 /* GoogleService-Info.plist in Resources */ = {isa = PBXBuildFile; fileRef = 963DDF102A6D5C7000D1C697 /* GoogleService-Info.plist */; };
		963DDF142A6D5E9F00D1C697 /* FirebaseAuth in Frameworks */ = {isa = PBXBuildFile; productRef = 963DDF132A6D5E9F00D1C697 /* FirebaseAuth */; };
		963DDF162A6D5E9F00D1C697 /* FirebaseFirestore in Frameworks */ = {isa = PBXBuildFile; productRef = 963DDF152A6D5E9F00D1C697 /* FirebaseFirestore */; };
		963DDF182A6D5E9F00D1C697 /* FirebaseFirestoreSwift in Frameworks */ = {isa = PBXBuildFile; productRef = 963DDF172A6D5E9F00D1C697 /* FirebaseFirestoreSwift */; };
		963DDF1A2A6D5E9F00D1C697 /* FirebaseStorage in Frameworks */ = {isa = PBXBuildFile; productRef = 963DDF192A6D5E9F00D1C697 /* FirebaseStorage */; };
		965138A32A5DA2D100133F8D /* CountryCodes.swift in Sources */ = {isa = PBXBuildFile; fileRef = 965138A22A5DA2D100133F8D /* CountryCodes.swift */; };
		965138A62A5DABC500133F8D /* PhoneNumberKit in Frameworks */ = {isa = PBXBuildFile; productRef = 965138A52A5DABC500133F8D /* PhoneNumberKit */; };
/* End PBXBuildFile section */

/* Begin PBXFileReference section */
		962E851E2A5BF84300544EE0 /* JourneyPal.app */ = {isa = PBXFileReference; explicitFileType = wrapper.application; includeInIndex = 0; path = JourneyPal.app; sourceTree = BUILT_PRODUCTS_DIR; };
		962E85212A5BF84400544EE0 /* AppDelegate.swift */ = {isa = PBXFileReference; lastKnownFileType = sourcecode.swift; path = AppDelegate.swift; sourceTree = "<group>"; };
		962E85232A5BF84400544EE0 /* SceneDelegate.swift */ = {isa = PBXFileReference; lastKnownFileType = sourcecode.swift; path = SceneDelegate.swift; sourceTree = "<group>"; };
		962E85252A5BF84400544EE0 /* ViewController.swift */ = {isa = PBXFileReference; lastKnownFileType = sourcecode.swift; path = ViewController.swift; sourceTree = "<group>"; };
		962E852A2A5BF84400544EE0 /* Assets.xcassets */ = {isa = PBXFileReference; lastKnownFileType = folder.assetcatalog; path = Assets.xcassets; sourceTree = "<group>"; };
		962E852D2A5BF84400544EE0 /* Base */ = {isa = PBXFileReference; lastKnownFileType = file.storyboard; name = Base; path = Base.lproj/LaunchScreen.storyboard; sourceTree = "<group>"; };
		962E852F2A5BF84400544EE0 /* Info.plist */ = {isa = PBXFileReference; lastKnownFileType = text.plist.xml; path = Info.plist; sourceTree = "<group>"; };
		962E85352A5BF91500544EE0 /* LoginVC.swift */ = {isa = PBXFileReference; lastKnownFileType = sourcecode.swift; path = LoginVC.swift; sourceTree = "<group>"; };
		962E85392A5C140300544EE0 /* Main.storyboard */ = {isa = PBXFileReference; fileEncoding = 4; lastKnownFileType = file.storyboard; name = Main.storyboard; path = ../../../../.Trash/Main.storyboard; sourceTree = "<group>"; };
		962E853B2A5C283A00544EE0 /* HomeVC.swift */ = {isa = PBXFileReference; lastKnownFileType = sourcecode.swift; path = HomeVC.swift; sourceTree = "<group>"; };
		962E853D2A5C285800544EE0 /* RegisterVC.swift */ = {isa = PBXFileReference; lastKnownFileType = sourcecode.swift; path = RegisterVC.swift; sourceTree = "<group>"; };
		963DDF102A6D5C7000D1C697 /* GoogleService-Info.plist */ = {isa = PBXFileReference; fileEncoding = 4; lastKnownFileType = text.plist.xml; name = "GoogleService-Info.plist"; path = "../../../../Downloads/GoogleService-Info.plist"; sourceTree = "<group>"; };
		965138A22A5DA2D100133F8D /* CountryCodes.swift */ = {isa = PBXFileReference; lastKnownFileType = sourcecode.swift; path = CountryCodes.swift; sourceTree = "<group>"; };
/* End PBXFileReference section */

/* Begin PBXFrameworksBuildPhase section */
		962E851B2A5BF84300544EE0 /* Frameworks */ = {
			isa = PBXFrameworksBuildPhase;
			buildActionMask = 2147483647;
			files = (
				965138A62A5DABC500133F8D /* PhoneNumberKit in Frameworks */,
				963DDF142A6D5E9F00D1C697 /* FirebaseAuth in Frameworks */,
				963DDF162A6D5E9F00D1C697 /* FirebaseFirestore in Frameworks */,
				963DDF1A2A6D5E9F00D1C697 /* FirebaseStorage in Frameworks */,
				963DDF182A6D5E9F00D1C697 /* FirebaseFirestoreSwift in Frameworks */,
			);
			runOnlyForDeploymentPostprocessing = 0;
		};
/* End PBXFrameworksBuildPhase section */

/* Begin PBXGroup section */
		962E85152A5BF84300544EE0 = {
			isa = PBXGroup;
			children = (
				962E85202A5BF84300544EE0 /* JourneyPal */,
				962E851F2A5BF84300544EE0 /* Products */,
			);
			sourceTree = "<group>";
		};
		962E851F2A5BF84300544EE0 /* Products */ = {
			isa = PBXGroup;
			children = (
				962E851E2A5BF84300544EE0 /* JourneyPal.app */,
			);
			name = Products;
			sourceTree = "<group>";
		};
		962E85202A5BF84300544EE0 /* JourneyPal */ = {
			isa = PBXGroup;
			children = (
				963DDF102A6D5C7000D1C697 /* GoogleService-Info.plist */,
				962E85212A5BF84400544EE0 /* AppDelegate.swift */,
				962E85232A5BF84400544EE0 /* SceneDelegate.swift */,
				962E85252A5BF84400544EE0 /* ViewController.swift */,
				962E852A2A5BF84400544EE0 /* Assets.xcassets */,
				962E852C2A5BF84400544EE0 /* LaunchScreen.storyboard */,
				962E852F2A5BF84400544EE0 /* Info.plist */,
				962E85392A5C140300544EE0 /* Main.storyboard */,
				965138A82A5DB62400133F8D /* New Group */,
				965138A22A5DA2D100133F8D /* CountryCodes.swift */,
			);
			path = JourneyPal;
			sourceTree = "<group>";
		};
		965138A82A5DB62400133F8D /* New Group */ = {
			isa = PBXGroup;
			children = (
				962E85352A5BF91500544EE0 /* LoginVC.swift */,
				962E853B2A5C283A00544EE0 /* HomeVC.swift */,
				962E853D2A5C285800544EE0 /* RegisterVC.swift */,
			);
			path = "New Group";
			sourceTree = "<group>";
		};
/* End PBXGroup section */

/* Begin PBXNativeTarget section */
		962E851D2A5BF84300544EE0 /* JourneyPal */ = {
			isa = PBXNativeTarget;
			buildConfigurationList = 962E85322A5BF84400544EE0 /* Build configuration list for PBXNativeTarget "JourneyPal" */;
			buildPhases = (
				962E851A2A5BF84300544EE0 /* Sources */,
				962E851B2A5BF84300544EE0 /* Frameworks */,
				962E851C2A5BF84300544EE0 /* Resources */,
			);
			buildRules = (
			);
			dependencies = (
			);
			name = JourneyPal;
			packageProductDependencies = (
				965138A52A5DABC500133F8D /* PhoneNumberKit */,
				963DDF132A6D5E9F00D1C697 /* FirebaseAuth */,
				963DDF152A6D5E9F00D1C697 /* FirebaseFirestore */,
				963DDF172A6D5E9F00D1C697 /* FirebaseFirestoreSwift */,
				963DDF192A6D5E9F00D1C697 /* FirebaseStorage */,
			);
			productName = JourneyPal;
			productReference = 962E851E2A5BF84300544EE0 /* JourneyPal.app */;
			productType = "com.apple.product-type.application";
		};
/* End PBXNativeTarget section */

/* Begin PBXProject section */
		962E85162A5BF84300544EE0 /* Project object */ = {
			isa = PBXProject;
			attributes = {
				BuildIndependentTargetsInParallel = 1;
				LastSwiftUpdateCheck = 1430;
				LastUpgradeCheck = 1430;
				TargetAttributes = {
					962E851D2A5BF84300544EE0 = {
						CreatedOnToolsVersion = 14.3.1;
					};
				};
			};
			buildConfigurationList = 962E85192A5BF84300544EE0 /* Build configuration list for PBXProject "JourneyPal" */;
			compatibilityVersion = "Xcode 14.0";
			developmentRegion = en;
			hasScannedForEncodings = 0;
			knownRegions = (
				en,
				Base,
			);
			mainGroup = 962E85152A5BF84300544EE0;
			packageReferences = (
				965138A42A5DABC500133F8D /* XCRemoteSwiftPackageReference "PhoneNumberKit" */,
				963DDF122A6D5E9F00D1C697 /* XCRemoteSwiftPackageReference "firebase-ios-sdk" */,
			);
			productRefGroup = 962E851F2A5BF84300544EE0 /* Products */;
			projectDirPath = "";
			projectRoot = "";
			targets = (
				962E851D2A5BF84300544EE0 /* JourneyPal */,
			);
		};
/* End PBXProject section */

/* Begin PBXResourcesBuildPhase section */
		962E851C2A5BF84300544EE0 /* Resources */ = {
			isa = PBXResourcesBuildPhase;
			buildActionMask = 2147483647;
			files = (
				962E853A2A5C140300544EE0 /* Main.storyboard in Resources */,
				963DDF112A6D5C7000D1C697 /* GoogleService-Info.plist in Resources */,
				962E852E2A5BF84400544EE0 /* LaunchScreen.storyboard in Resources */,
				962E852B2A5BF84400544EE0 /* Assets.xcassets in Resources */,
			);
			runOnlyForDeploymentPostprocessing = 0;
		};
/* End PBXResourcesBuildPhase section */

/* Begin PBXSourcesBuildPhase section */
		962E851A2A5BF84300544EE0 /* Sources */ = {
			isa = PBXSourcesBuildPhase;
			buildActionMask = 2147483647;
			files = (
				962E85262A5BF84400544EE0 /* ViewController.swift in Sources */,
				962E853C2A5C283A00544EE0 /* HomeVC.swift in Sources */,
				962E85222A5BF84400544EE0 /* AppDelegate.swift in Sources */,
				962E853E2A5C285800544EE0 /* RegisterVC.swift in Sources */,
				962E85362A5BF91500544EE0 /* LoginVC.swift in Sources */,
				965138A32A5DA2D100133F8D /* CountryCodes.swift in Sources */,
				962E85242A5BF84400544EE0 /* SceneDelegate.swift in Sources */,
			);
			runOnlyForDeploymentPostprocessing = 0;
		};
/* End PBXSourcesBuildPhase section */

/* Begin PBXVariantGroup section */
		962E852C2A5BF84400544EE0 /* LaunchScreen.storyboard */ = {
			isa = PBXVariantGroup;
			children = (
				962E852D2A5BF84400544EE0 /* Base */,
			);
			name = LaunchScreen.storyboard;
			sourceTree = "<group>";
		};
/* End PBXVariantGroup section */

/* Begin XCBuildConfiguration section */
		962E85302A5BF84400544EE0 /* Debug */ = {
			isa = XCBuildConfiguration;
			buildSettings = {
				ALWAYS_SEARCH_USER_PATHS = NO;
				CLANG_ANALYZER_NONNULL = YES;
				CLANG_ANALYZER_NUMBER_OBJECT_CONVERSION = YES_AGGRESSIVE;
				CLANG_CXX_LANGUAGE_STANDARD = "gnu++20";
				CLANG_ENABLE_MODULES = YES;
				CLANG_ENABLE_OBJC_ARC = YES;
				CLANG_ENABLE_OBJC_WEAK = YES;
				CLANG_WARN_BLOCK_CAPTURE_AUTORELEASING = YES;
				CLANG_WARN_BOOL_CONVERSION = YES;
				CLANG_WARN_COMMA = YES;
				CLANG_WARN_CONSTANT_CONVERSION = YES;
				CLANG_WARN_DEPRECATED_OBJC_IMPLEMENTATIONS = YES;
				CLANG_WARN_DIRECT_OBJC_ISA_USAGE = YES_ERROR;
				CLANG_WARN_DOCUMENTATION_COMMENTS = YES;
				CLANG_WARN_EMPTY_BODY = YES;
				CLANG_WARN_ENUM_CONVERSION = YES;
				CLANG_WARN_INFINITE_RECURSION = YES;
				CLANG_WARN_INT_CONVERSION = YES;
				CLANG_WARN_NON_LITERAL_NULL_CONVERSION = YES;
				CLANG_WARN_OBJC_IMPLICIT_RETAIN_SELF = YES;
				CLANG_WARN_OBJC_LITERAL_CONVERSION = YES;
				CLANG_WARN_OBJC_ROOT_CLASS = YES_ERROR;
				CLANG_WARN_QUOTED_INCLUDE_IN_FRAMEWORK_HEADER = YES;
				CLANG_WARN_RANGE_LOOP_ANALYSIS = YES;
				CLANG_WARN_STRICT_PROTOTYPES = YES;
				CLANG_WARN_SUSPICIOUS_MOVE = YES;
				CLANG_WARN_UNGUARDED_AVAILABILITY = YES_AGGRESSIVE;
				CLANG_WARN_UNREACHABLE_CODE = YES;
				CLANG_WARN__DUPLICATE_METHOD_MATCH = YES;
				COPY_PHASE_STRIP = NO;
				DEBUG_INFORMATION_FORMAT = dwarf;
				ENABLE_STRICT_OBJC_MSGSEND = YES;
				ENABLE_TESTABILITY = YES;
				GCC_C_LANGUAGE_STANDARD = gnu11;
				GCC_DYNAMIC_NO_PIC = NO;
				GCC_NO_COMMON_BLOCKS = YES;
				GCC_OPTIMIZATION_LEVEL = 0;
				GCC_PREPROCESSOR_DEFINITIONS = (
					"DEBUG=1",
					"$(inherited)",
				);
				GCC_WARN_64_TO_32_BIT_CONVERSION = YES;
				GCC_WARN_ABOUT_RETURN_TYPE = YES_ERROR;
				GCC_WARN_UNDECLARED_SELECTOR = YES;
				GCC_WARN_UNINITIALIZED_AUTOS = YES_AGGRESSIVE;
				GCC_WARN_UNUSED_FUNCTION = YES;
				GCC_WARN_UNUSED_VARIABLE = YES;
				IPHONEOS_DEPLOYMENT_TARGET = 16.4;
				MTL_ENABLE_DEBUG_INFO = INCLUDE_SOURCE;
				MTL_FAST_MATH = YES;
				ONLY_ACTIVE_ARCH = YES;
				SDKROOT = iphoneos;
				SWIFT_ACTIVE_COMPILATION_CONDITIONS = DEBUG;
				SWIFT_OPTIMIZATION_LEVEL = "-Onone";
			};
			name = Debug;
		};
		962E85312A5BF84400544EE0 /* Release */ = {
			isa = XCBuildConfiguration;
			buildSettings = {
				ALWAYS_SEARCH_USER_PATHS = NO;
				CLANG_ANALYZER_NONNULL = YES;
				CLANG_ANALYZER_NUMBER_OBJECT_CONVERSION = YES_AGGRESSIVE;
				CLANG_CXX_LANGUAGE_STANDARD = "gnu++20";
				CLANG_ENABLE_MODULES = YES;
				CLANG_ENABLE_OBJC_ARC = YES;
				CLANG_ENABLE_OBJC_WEAK = YES;
				CLANG_WARN_BLOCK_CAPTURE_AUTORELEASING = YES;
				CLANG_WARN_BOOL_CONVERSION = YES;
				CLANG_WARN_COMMA = YES;
				CLANG_WARN_CONSTANT_CONVERSION = YES;
				CLANG_WARN_DEPRECATED_OBJC_IMPLEMENTATIONS = YES;
				CLANG_WARN_DIRECT_OBJC_ISA_USAGE = YES_ERROR;
				CLANG_WARN_DOCUMENTATION_COMMENTS = YES;
				CLANG_WARN_EMPTY_BODY = YES;
				CLANG_WARN_ENUM_CONVERSION = YES;
				CLANG_WARN_INFINITE_RECURSION = YES;
				CLANG_WARN_INT_CONVERSION = YES;
				CLANG_WARN_NON_LITERAL_NULL_CONVERSION = YES;
				CLANG_WARN_OBJC_IMPLICIT_RETAIN_SELF = YES;
				CLANG_WARN_OBJC_LITERAL_CONVERSION = YES;
				CLANG_WARN_OBJC_ROOT_CLASS = YES_ERROR;
				CLANG_WARN_QUOTED_INCLUDE_IN_FRAMEWORK_HEADER = YES;
				CLANG_WARN_RANGE_LOOP_ANALYSIS = YES;
				CLANG_WARN_STRICT_PROTOTYPES = YES;
				CLANG_WARN_SUSPICIOUS_MOVE = YES;
				CLANG_WARN_UNGUARDED_AVAILABILITY = YES_AGGRESSIVE;
				CLANG_WARN_UNREACHABLE_CODE = YES;
				CLANG_WARN__DUPLICATE_METHOD_MATCH = YES;
				COPY_PHASE_STRIP = NO;
				DEBUG_INFORMATION_FORMAT = "dwarf-with-dsym";
				ENABLE_NS_ASSERTIONS = NO;
				ENABLE_STRICT_OBJC_MSGSEND = YES;
				GCC_C_LANGUAGE_STANDARD = gnu11;
				GCC_NO_COMMON_BLOCKS = YES;
				GCC_WARN_64_TO_32_BIT_CONVERSION = YES;
				GCC_WARN_ABOUT_RETURN_TYPE = YES_ERROR;
				GCC_WARN_UNDECLARED_SELECTOR = YES;
				GCC_WARN_UNINITIALIZED_AUTOS = YES_AGGRESSIVE;
				GCC_WARN_UNUSED_FUNCTION = YES;
				GCC_WARN_UNUSED_VARIABLE = YES;
				IPHONEOS_DEPLOYMENT_TARGET = 16.4;
				MTL_ENABLE_DEBUG_INFO = NO;
				MTL_FAST_MATH = YES;
				SDKROOT = iphoneos;
				SWIFT_COMPILATION_MODE = wholemodule;
				SWIFT_OPTIMIZATION_LEVEL = "-O";
				VALIDATE_PRODUCT = YES;
			};
			name = Release;
		};
		962E85332A5BF84400544EE0 /* Debug */ = {
			isa = XCBuildConfiguration;
			buildSettings = {
				ASSETCATALOG_COMPILER_APPICON_NAME = AppIcon;
				ASSETCATALOG_COMPILER_GLOBAL_ACCENT_COLOR_NAME = AccentColor;
				CODE_SIGN_STYLE = Automatic;
				CURRENT_PROJECT_VERSION = 1;
				GENERATE_INFOPLIST_FILE = YES;
				INFOPLIST_FILE = JourneyPal/Info.plist;
				INFOPLIST_KEY_UIApplicationSupportsIndirectInputEvents = YES;
				INFOPLIST_KEY_UILaunchStoryboardName = LaunchScreen;
				INFOPLIST_KEY_UIMainStoryboardFile = Main;
				INFOPLIST_KEY_UISupportedInterfaceOrientations_iPad = "UIInterfaceOrientationPortrait UIInterfaceOrientationPortraitUpsideDown UIInterfaceOrientationLandscapeLeft UIInterfaceOrientationLandscapeRight";
				INFOPLIST_KEY_UISupportedInterfaceOrientations_iPhone = "UIInterfaceOrientationPortrait UIInterfaceOrientationLandscapeLeft UIInterfaceOrientationLandscapeRight";
				LD_RUNPATH_SEARCH_PATHS = (
					"$(inherited)",
					"@executable_path/Frameworks",
				);
				MARKETING_VERSION = 1.0;
				PRODUCT_BUNDLE_IDENTIFIER = "-.JourneyPal";
				PRODUCT_NAME = "$(TARGET_NAME)";
				SWIFT_EMIT_LOC_STRINGS = YES;
				SWIFT_VERSION = 5.0;
				TARGETED_DEVICE_FAMILY = "1,2";
			};
			name = Debug;
		};
		962E85342A5BF84400544EE0 /* Release */ = {
			isa = XCBuildConfiguration;
			buildSettings = {
				ASSETCATALOG_COMPILER_APPICON_NAME = AppIcon;
				ASSETCATALOG_COMPILER_GLOBAL_ACCENT_COLOR_NAME = AccentColor;
				CODE_SIGN_STYLE = Automatic;
				CURRENT_PROJECT_VERSION = 1;
				GENERATE_INFOPLIST_FILE = YES;
				INFOPLIST_FILE = JourneyPal/Info.plist;
				INFOPLIST_KEY_UIApplicationSupportsIndirectInputEvents = YES;
				INFOPLIST_KEY_UILaunchStoryboardName = LaunchScreen;
				INFOPLIST_KEY_UIMainStoryboardFile = Main;
				INFOPLIST_KEY_UISupportedInterfaceOrientations_iPad = "UIInterfaceOrientationPortrait UIInterfaceOrientationPortraitUpsideDown UIInterfaceOrientationLandscapeLeft UIInterfaceOrientationLandscapeRight";
				INFOPLIST_KEY_UISupportedInterfaceOrientations_iPhone = "UIInterfaceOrientationPortrait UIInterfaceOrientationLandscapeLeft UIInterfaceOrientationLandscapeRight";
				LD_RUNPATH_SEARCH_PATHS = (
					"$(inherited)",
					"@executable_path/Frameworks",
				);
				MARKETING_VERSION = 1.0;
				PRODUCT_BUNDLE_IDENTIFIER = "-.JourneyPal";
				PRODUCT_NAME = "$(TARGET_NAME)";
				SWIFT_EMIT_LOC_STRINGS = YES;
				SWIFT_VERSION = 5.0;
				TARGETED_DEVICE_FAMILY = "1,2";
			};
			name = Release;
		};
/* End XCBuildConfiguration section */

/* Begin XCConfigurationList section */
		962E85192A5BF84300544EE0 /* Build configuration list for PBXProject "JourneyPal" */ = {
			isa = XCConfigurationList;
			buildConfigurations = (
				962E85302A5BF84400544EE0 /* Debug */,
				962E85312A5BF84400544EE0 /* Release */,
			);
			defaultConfigurationIsVisible = 0;
			defaultConfigurationName = Release;
		};
		962E85322A5BF84400544EE0 /* Build configuration list for PBXNativeTarget "JourneyPal" */ = {
			isa = XCConfigurationList;
			buildConfigurations = (
				962E85332A5BF84400544EE0 /* Debug */,
				962E85342A5BF84400544EE0 /* Release */,
			);
			defaultConfigurationIsVisible = 0;
			defaultConfigurationName = Release;
		};
/* End XCConfigurationList section */

/* Begin XCRemoteSwiftPackageReference section */
		963DDF122A6D5E9F00D1C697 /* XCRemoteSwiftPackageReference "firebase-ios-sdk" */ = {
			isa = XCRemoteSwiftPackageReference;
			repositoryURL = "https://github.com/firebase/firebase-ios-sdk";
			requirement = {
				kind = upToNextMajorVersion;
				minimumVersion = 10.0.0;
			};
		};
		965138A42A5DABC500133F8D /* XCRemoteSwiftPackageReference "PhoneNumberKit" */ = {
			isa = XCRemoteSwiftPackageReference;
			repositoryURL = "https://github.com/marmelroy/PhoneNumberKit.git";
			requirement = {
				kind = upToNextMajorVersion;
				minimumVersion = 3.6.0;
			};
		};
/* End XCRemoteSwiftPackageReference section */

/* Begin XCSwiftPackageProductDependency section */
		963DDF132A6D5E9F00D1C697 /* FirebaseAuth */ = {
			isa = XCSwiftPackageProductDependency;
			package = 963DDF122A6D5E9F00D1C697 /* XCRemoteSwiftPackageReference "firebase-ios-sdk" */;
			productName = FirebaseAuth;
		};
		963DDF152A6D5E9F00D1C697 /* FirebaseFirestore */ = {
			isa = XCSwiftPackageProductDependency;
			package = 963DDF122A6D5E9F00D1C697 /* XCRemoteSwiftPackageReference "firebase-ios-sdk" */;
			productName = FirebaseFirestore;
		};
		963DDF172A6D5E9F00D1C697 /* FirebaseFirestoreSwift */ = {
			isa = XCSwiftPackageProductDependency;
			package = 963DDF122A6D5E9F00D1C697 /* XCRemoteSwiftPackageReference "firebase-ios-sdk" */;
			productName = FirebaseFirestoreSwift;
		};
		963DDF192A6D5E9F00D1C697 /* FirebaseStorage */ = {
			isa = XCSwiftPackageProductDependency;
			package = 963DDF122A6D5E9F00D1C697 /* XCRemoteSwiftPackageReference "firebase-ios-sdk" */;
			productName = FirebaseStorage;
		};
		965138A52A5DABC500133F8D /* PhoneNumberKit */ = {
			isa = XCSwiftPackageProductDependency;
			package = 965138A42A5DABC500133F8D /* XCRemoteSwiftPackageReference "PhoneNumberKit" */;
			productName = PhoneNumberKit;
		};
/* End XCSwiftPackageProductDependency section */
	};
	rootObject = 962E85162A5BF84300544EE0 /* Project object */;
}
